{
    "version": 3,
    "terraform_version": "0.9.8",
    "serial": 2,
    "lineage": "7b721ed5-254b-4d99-8fe1-4fe58d31a1f4",
    "modules": [
        {
            "path": [
                "root"
            ],
            "outputs": {},
            "resources": {
                "aws_launch_configuration.launch_config": {
                    "type": "aws_launch_configuration",
                    "depends_on": [],
                    "primary": {
                        "id": "lc-sample00be00930610f858e877623a0a",
                        "attributes": {
                            "associate_public_ip_address": "false",
                            "ebs_block_device.#": "0",
                            "ebs_optimized": "false",
                            "enable_monitoring": "true",
                            "ephemeral_block_device.#": "0",
                            "iam_instance_profile": "",
                            "id": "lc-sample00be00930610f858e877623a0a",
                            "image_id": "ami-6f68cf0f",
                            "instance_type": "t2.micro",
                            "key_name": "mykey1",
                            "name": "lc-sample00be00930610f858e877623a0a",
                            "name_prefix": "lc-sample",
                            "root_block_device.#": "0",
                            "security_groups.#": "0",
                            "spot_price": "",
                            "user_data": "0972bcf1dbf36ac43b8ca0ffb8b3c1df33729c39",
                            "vpc_classic_link_id": "",
                            "vpc_classic_link_security_groups.#": "0"
                        },
                        "meta": {},
                        "tainted": false
                    },
                    "deposed": [],
                    "provider": ""
                }
            },
            "depends_on": []
        }
    ]
}
